
Microsoft Visual Studio Solution File, Format Version 12.00
# Visual Studio Version 16
VisualStudioVersion = 16.0.29123.88
MinimumVisualStudioVersion = 10.0.40219.1
Project("{8BC9CEB8-8B4A-11D0-8D11-00A0C91BC942}") = "Capitulo 2", "Capitulo 2\Capitulo 2.vcxproj", "{660BBA4D-8573-40F3-B28F-4B28FFF6ACAD}"
EndProject
Project("{8BC9CEB8-8B4A-11D0-8D11-00A0C91BC942}") = "Capitulo 3", "Capitulo 3\Capitulo 3.vcxproj", "{0D9BA66E-A529-4903-B3B9-47907E7BABC3}"
EndProject
Project("{8BC9CEB8-8B4A-11D0-8D11-00A0C91BC942}") = "WorkingClass", "WorkingClass\WorkingClass.vcxproj", "{B8AD95A4-56C1-4077-8101-E0BFCC8D968A}"
EndProject
Project("{8BC9CEB8-8B4A-11D0-8D11-00A0C91BC942}") = "Capitulo 4", "Capitulo 4\Capitulo 4.vcxproj", "{E4F68DA3-33B5-4F3F-8985-7DD1AB4F8ACA}"
EndProject
Project("{8BC9CEB8-8B4A-11D0-8D11-00A0C91BC942}") = "Capitulo 5", "Capitulo 5\Capitulo 5.vcxproj", "{67BEFABA-83C0-4CEA-A502-7FCEF69738F6}"
EndProject
Project("{8BC9CEB8-8B4A-11D0-8D11-00A0C91BC942}") = "Examen1", "Examen1\Examen1.vcxproj", "{CD1B3C96-26C1-46D9-B2C1-9C832B6BE4FD}"
EndProject
Project("{8BC9CEB8-8B4A-11D0-8D11-00A0C91BC942}") = "Capitulo 6", "Capitulo 6\Capitulo 6.vcxproj", "{1DC6D5DD-4ABE-488A-9B4B-54BDCB7510A1}"
EndProject
Project("{8BC9CEB8-8B4A-11D0-8D11-00A0C91BC942}") = "Capitulo 7", "Capitulo 7\Capitulo 7.vcxproj", "{79C83638-70C4-4AD9-AE15-5A1284A719B6}"
EndProject
Project("{8BC9CEB8-8B4A-11D0-8D11-00A0C91BC942}") = "Capitulo 8", "Capitulo 8\Capitulo 8.vcxproj", "{09F5C666-13E0-4785-B425-465D5037AFE2}"
EndProject
Project("{8BC9CEB8-8B4A-11D0-8D11-00A0C91BC942}") = "SobreCarga", "SobreCarga\SobreCarga.vcxproj", "{6E68A8D9-EBE7-4381-B7BD-7255F747A3F0}"
EndProject
Project("{8BC9CEB8-8B4A-11D0-8D11-00A0C91BC942}") = "Capitulo 9", "Capitulo 9\Capitulo 9.vcxproj", "{F4534289-97E2-4C24-80C5-F6633452E0D6}"
EndProject
Global
	GlobalSection(SolutionConfigurationPlatforms) = preSolution
		Debug|x64 = Debug|x64
		Debug|x86 = Debug|x86
		Release|x64 = Release|x64
		Release|x86 = Release|x86
	EndGlobalSection
	GlobalSection(ProjectConfigurationPlatforms) = postSolution
		{660BBA4D-8573-40F3-B28F-4B28FFF6ACAD}.Debug|x64.ActiveCfg = Debug|x64
		{660BBA4D-8573-40F3-B28F-4B28FFF6ACAD}.Debug|x64.Build.0 = Debug|x64
		{660BBA4D-8573-40F3-B28F-4B28FFF6ACAD}.Debug|x86.ActiveCfg = Debug|Win32
		{660BBA4D-8573-40F3-B28F-4B28FFF6ACAD}.Debug|x86.Build.0 = Debug|Win32
		{660BBA4D-8573-40F3-B28F-4B28FFF6ACAD}.Release|x64.ActiveCfg = Release|x64
		{660BBA4D-8573-40F3-B28F-4B28FFF6ACAD}.Release|x64.Build.0 = Release|x64
		{660BBA4D-8573-40F3-B28F-4B28FFF6ACAD}.Release|x86.ActiveCfg = Release|Win32
		{660BBA4D-8573-40F3-B28F-4B28FFF6ACAD}.Release|x86.Build.0 = Release|Win32
		{0D9BA66E-A529-4903-B3B9-47907E7BABC3}.Debug|x64.ActiveCfg = Debug|x64
		{0D9BA66E-A529-4903-B3B9-47907E7BABC3}.Debug|x64.Build.0 = Debug|x64
		{0D9BA66E-A529-4903-B3B9-47907E7BABC3}.Debug|x86.ActiveCfg = Debug|Win32
		{0D9BA66E-A529-4903-B3B9-47907E7BABC3}.Debug|x86.Build.0 = Debug|Win32
		{0D9BA66E-A529-4903-B3B9-47907E7BABC3}.Release|x64.ActiveCfg = Release|x64
		{0D9BA66E-A529-4903-B3B9-47907E7BABC3}.Release|x64.Build.0 = Release|x64
		{0D9BA66E-A529-4903-B3B9-47907E7BABC3}.Release|x86.ActiveCfg = Release|Win32
		{0D9BA66E-A529-4903-B3B9-47907E7BABC3}.Release|x86.Build.0 = Release|Win32
		{B8AD95A4-56C1-4077-8101-E0BFCC8D968A}.Debug|x64.ActiveCfg = Debug|x64
		{B8AD95A4-56C1-4077-8101-E0BFCC8D968A}.Debug|x64.Build.0 = Debug|x64
		{B8AD95A4-56C1-4077-8101-E0BFCC8D968A}.Debug|x86.ActiveCfg = Debug|Win32
		{B8AD95A4-56C1-4077-8101-E0BFCC8D968A}.Debug|x86.Build.0 = Debug|Win32
		{B8AD95A4-56C1-4077-8101-E0BFCC8D968A}.Release|x64.ActiveCfg = Release|x64
		{B8AD95A4-56C1-4077-8101-E0BFCC8D968A}.Release|x64.Build.0 = Release|x64
		{B8AD95A4-56C1-4077-8101-E0BFCC8D968A}.Release|x86.ActiveCfg = Release|Win32
		{B8AD95A4-56C1-4077-8101-E0BFCC8D968A}.Release|x86.Build.0 = Release|Win32
		{E4F68DA3-33B5-4F3F-8985-7DD1AB4F8ACA}.Debug|x64.ActiveCfg = Debug|x64
		{E4F68DA3-33B5-4F3F-8985-7DD1AB4F8ACA}.Debug|x64.Build.0 = Debug|x64
		{E4F68DA3-33B5-4F3F-8985-7DD1AB4F8ACA}.Debug|x86.ActiveCfg = Debug|Win32
		{E4F68DA3-33B5-4F3F-8985-7DD1AB4F8ACA}.Debug|x86.Build.0 = Debug|Win32
		{E4F68DA3-33B5-4F3F-8985-7DD1AB4F8ACA}.Release|x64.ActiveCfg = Release|x64
		{E4F68DA3-33B5-4F3F-8985-7DD1AB4F8ACA}.Release|x64.Build.0 = Release|x64
		{E4F68DA3-33B5-4F3F-8985-7DD1AB4F8ACA}.Release|x86.ActiveCfg = Release|Win32
		{E4F68DA3-33B5-4F3F-8985-7DD1AB4F8ACA}.Release|x86.Build.0 = Release|Win32
		{67BEFABA-83C0-4CEA-A502-7FCEF69738F6}.Debug|x64.ActiveCfg = Debug|x64
		{67BEFABA-83C0-4CEA-A502-7FCEF69738F6}.Debug|x64.Build.0 = Debug|x64
		{67BEFABA-83C0-4CEA-A502-7FCEF69738F6}.Debug|x86.ActiveCfg = Debug|Win32
		{67BEFABA-83C0-4CEA-A502-7FCEF69738F6}.Debug|x86.Build.0 = Debug|Win32
		{67BEFABA-83C0-4CEA-A502-7FCEF69738F6}.Release|x64.ActiveCfg = Release|x64
		{67BEFABA-83C0-4CEA-A502-7FCEF69738F6}.Release|x64.Build.0 = Release|x64
		{67BEFABA-83C0-4CEA-A502-7FCEF69738F6}.Release|x86.ActiveCfg = Release|Win32
		{67BEFABA-83C0-4CEA-A502-7FCEF69738F6}.Release|x86.Build.0 = Release|Win32
		{CD1B3C96-26C1-46D9-B2C1-9C832B6BE4FD}.Debug|x64.ActiveCfg = Debug|x64
		{CD1B3C96-26C1-46D9-B2C1-9C832B6BE4FD}.Debug|x64.Build.0 = Debug|x64
		{CD1B3C96-26C1-46D9-B2C1-9C832B6BE4FD}.Debug|x86.ActiveCfg = Debug|Win32
		{CD1B3C96-26C1-46D9-B2C1-9C832B6BE4FD}.Debug|x86.Build.0 = Debug|Win32
		{CD1B3C96-26C1-46D9-B2C1-9C832B6BE4FD}.Release|x64.ActiveCfg = Release|x64
		{CD1B3C96-26C1-46D9-B2C1-9C832B6BE4FD}.Release|x64.Build.0 = Release|x64
		{CD1B3C96-26C1-46D9-B2C1-9C832B6BE4FD}.Release|x86.ActiveCfg = Release|Win32
		{CD1B3C96-26C1-46D9-B2C1-9C832B6BE4FD}.Release|x86.Build.0 = Release|Win32
		{1DC6D5DD-4ABE-488A-9B4B-54BDCB7510A1}.Debug|x64.ActiveCfg = Debug|x64
		{1DC6D5DD-4ABE-488A-9B4B-54BDCB7510A1}.Debug|x64.Build.0 = Debug|x64
		{1DC6D5DD-4ABE-488A-9B4B-54BDCB7510A1}.Debug|x86.ActiveCfg = Debug|Win32
		{1DC6D5DD-4ABE-488A-9B4B-54BDCB7510A1}.Debug|x86.Build.0 = Debug|Win32
		{1DC6D5DD-4ABE-488A-9B4B-54BDCB7510A1}.Release|x64.ActiveCfg = Release|x64
		{1DC6D5DD-4ABE-488A-9B4B-54BDCB7510A1}.Release|x64.Build.0 = Release|x64
		{1DC6D5DD-4ABE-488A-9B4B-54BDCB7510A1}.Release|x86.ActiveCfg = Release|Win32
		{1DC6D5DD-4ABE-488A-9B4B-54BDCB7510A1}.Release|x86.Build.0 = Release|Win32
		{79C83638-70C4-4AD9-AE15-5A1284A719B6}.Debug|x64.ActiveCfg = Debug|x64
		{79C83638-70C4-4AD9-AE15-5A1284A719B6}.Debug|x64.Build.0 = Debug|x64
		{79C83638-70C4-4AD9-AE15-5A1284A719B6}.Debug|x86.ActiveCfg = Debug|Win32
		{79C83638-70C4-4AD9-AE15-5A1284A719B6}.Debug|x86.Build.0 = Debug|Win32
		{79C83638-70C4-4AD9-AE15-5A1284A719B6}.Release|x64.ActiveCfg = Release|x64
		{79C83638-70C4-4AD9-AE15-5A1284A719B6}.Release|x64.Build.0 = Release|x64
		{79C83638-70C4-4AD9-AE15-5A1284A719B6}.Release|x86.ActiveCfg = Release|Win32
		{79C83638-70C4-4AD9-AE15-5A1284A719B6}.Release|x86.Build.0 = Release|Win32
		{09F5C666-13E0-4785-B425-465D5037AFE2}.Debug|x64.ActiveCfg = Debug|x64
		{09F5C666-13E0-4785-B425-465D5037AFE2}.Debug|x64.Build.0 = Debug|x64
		{09F5C666-13E0-4785-B425-465D5037AFE2}.Debug|x86.ActiveCfg = Debug|Win32
		{09F5C666-13E0-4785-B425-465D5037AFE2}.Debug|x86.Build.0 = Debug|Win32
		{09F5C666-13E0-4785-B425-465D5037AFE2}.Release|x64.ActiveCfg = Release|x64
		{09F5C666-13E0-4785-B425-465D5037AFE2}.Release|x64.Build.0 = Release|x64
		{09F5C666-13E0-4785-B425-465D5037AFE2}.Release|x86.ActiveCfg = Release|Win32
		{09F5C666-13E0-4785-B425-465D5037AFE2}.Release|x86.Build.0 = Release|Win32
		{6E68A8D9-EBE7-4381-B7BD-7255F747A3F0}.Debug|x64.ActiveCfg = Debug|x64
		{6E68A8D9-EBE7-4381-B7BD-7255F747A3F0}.Debug|x64.Build.0 = Debug|x64
		{6E68A8D9-EBE7-4381-B7BD-7255F747A3F0}.Debug|x86.ActiveCfg = Debug|Win32
		{6E68A8D9-EBE7-4381-B7BD-7255F747A3F0}.Debug|x86.Build.0 = Debug|Win32
		{6E68A8D9-EBE7-4381-B7BD-7255F747A3F0}.Release|x64.ActiveCfg = Release|x64
		{6E68A8D9-EBE7-4381-B7BD-7255F747A3F0}.Release|x64.Build.0 = Release|x64
		{6E68A8D9-EBE7-4381-B7BD-7255F747A3F0}.Release|x86.ActiveCfg = Release|Win32
		{6E68A8D9-EBE7-4381-B7BD-7255F747A3F0}.Release|x86.Build.0 = Release|Win32
		{F4534289-97E2-4C24-80C5-F6633452E0D6}.Debug|x64.ActiveCfg = Debug|x64
		{F4534289-97E2-4C24-80C5-F6633452E0D6}.Debug|x64.Build.0 = Debug|x64
		{F4534289-97E2-4C24-80C5-F6633452E0D6}.Debug|x86.ActiveCfg = Debug|Win32
		{F4534289-97E2-4C24-80C5-F6633452E0D6}.Debug|x86.Build.0 = Debug|Win32
		{F4534289-97E2-4C24-80C5-F6633452E0D6}.Release|x64.ActiveCfg = Release|x64
		{F4534289-97E2-4C24-80C5-F6633452E0D6}.Release|x64.Build.0 = Release|x64
		{F4534289-97E2-4C24-80C5-F6633452E0D6}.Release|x86.ActiveCfg = Release|Win32
		{F4534289-97E2-4C24-80C5-F6633452E0D6}.Release|x86.Build.0 = Release|Win32
	EndGlobalSection
	GlobalSection(SolutionProperties) = preSolution
		HideSolutionNode = FALSE
	EndGlobalSection
	GlobalSection(ExtensibilityGlobals) = postSolution
		SolutionGuid = {A93C6B7A-3822-4BE9-96B1-68E71E3AEA3D}
	EndGlobalSection
EndGlobal
